{
 "profile_host": "[settings]\narch=x86_64\narch_build=x86_64\nbuild_type=Debug\ncompiler=Visual Studio\ncompiler.runtime=MDd\ncompiler.version=16\ncppstd=17\nos=Windows\nos_build=Windows\n[options]\n[build_requires]\n[env]\n",
 "graph_lock": {
  "nodes": {
   "0": {
    "pref": null,
    "options": "box2d:shared=False",
    "requires": [
     "1",
     "2",
     "3",
     "4"
    ],
    "path": "D:\\alone\\Documents\\GitHub\\SDL2MechGame\\conanfile.txt"
   },
   "1": {
    "pref": "jsonformoderncpp/3.7.3@vthiery/stable#0:5ab84d6acfe1f23c4fae0ab88f26e3a396351ac9#0",
    "options": ""
   },
   "2": {
    "pref": "entt/3.2.2@skypjack/stable#0:5ab84d6acfe1f23c4fae0ab88f26e3a396351ac9#0",
    "options": ""
   },
   "3": {
    "pref": "eigen/3.3.7@conan/stable#0:5ab84d6acfe1f23c4fae0ab88f26e3a396351ac9#0",
    "options": ""
   },
   "4": {
    "pref": "box2d/2.3.1@conan/stable#0:d057732059ea44a47760900cb5e4855d2bea8714#5531e7e10ef9a785c344da1e0171e397",
    "options": "shared=False",
    "modified": "built"
   }
  }
 },
 "version": "0.3"
}